
Microsoft Visual Studio Solution File, Format Version 12.00
# Visual Studio Version 17
VisualStudioVersion = 17.7.34202.233
MinimumVisualStudioVersion = 10.0.40219.1
Project("{FAE04EC0-301F-11D3-BF4B-00C04F79EFBC}") = "ChatServer", "ChatServer\ChatServer.csproj", "{644FA4FF-5F61-4901-B22D-52FF2C67D03D}"
EndProject
Global
	GlobalSection(SolutionConfigurationPlatforms) = preSolution
		Debug|Any CPU = Debug|Any CPU
		Release|Any CPU = Release|Any CPU
	EndGlobalSection
	GlobalSection(ProjectConfigurationPlatforms) = postSolution
		{644FA4FF-5F61-4901-B22D-52FF2C67D03D}.Debug|Any CPU.ActiveCfg = Debug|Any CPU
		{644FA4FF-5F61-4901-B22D-52FF2C67D03D}.Debug|Any CPU.Build.0 = Debug|Any CPU
		{644FA4FF-5F61-4901-B22D-52FF2C67D03D}.Release|Any CPU.ActiveCfg = Release|Any CPU
		{644FA4FF-5F61-4901-B22D-52FF2C67D03D}.Release|Any CPU.Build.0 = Release|Any CPU
	EndGlobalSection
	GlobalSection(SolutionProperties) = preSolution
		HideSolutionNode = FALSE
	EndGlobalSection
	GlobalSection(ExtensibilityGlobals) = postSolution
		SolutionGuid = {495D7966-6796-4910-B8EF-B5505C9BEAE2}
	EndGlobalSection
EndGlobal
